// !$*UTF8*$!
{
	archiveVersion = 1;
	classes = {
	};
	objectVersion = 55;
	objects = {

/* Begin PBXBuildFile section */
		BE2B4B2C289C594E00C59630 /* AppDelegate.swift in Sources */ = {isa = PBXBuildFile; fileRef = BE2B4B2B289C594E00C59630 /* AppDelegate.swift */; };
		BE2B4B2E289C594E00C59630 /* SceneDelegate.swift in Sources */ = {isa = PBXBuildFile; fileRef = BE2B4B2D289C594E00C59630 /* SceneDelegate.swift */; };
		BE2B4B30289C594E00C59630 /* DiceViewController.swift in Sources */ = {isa = PBXBuildFile; fileRef = BE2B4B2F289C594E00C59630 /* DiceViewController.swift */; };
		BE2B4B35289C595100C59630 /* Assets.xcassets in Resources */ = {isa = PBXBuildFile; fileRef = BE2B4B34289C595100C59630 /* Assets.xcassets */; };
		BE2B4B38289C595100C59630 /* LaunchScreen.storyboard in Resources */ = {isa = PBXBuildFile; fileRef = BE2B4B36289C595100C59630 /* LaunchScreen.storyboard */; };
		BE5A4D8528A5772700FF9CBA /* UIView+Preview.swift in Sources */ = {isa = PBXBuildFile; fileRef = BE5A4D8428A5772700FF9CBA /* UIView+Preview.swift */; };
		BE5A4D8728A5774000FF9CBA /* UIViewController+Preview.swift in Sources */ = {isa = PBXBuildFile; fileRef = BE5A4D8628A5774000FF9CBA /* UIViewController+Preview.swift */; };
		BE7E7C5E28AACDF200375E4E /* DiceView.swift in Sources */ = {isa = PBXBuildFile; fileRef = BE7E7C5D28AACDF200375E4E /* DiceView.swift */; };
		BE7E7C6028ABC88000375E4E /* DiceViewDelegate.swift in Sources */ = {isa = PBXBuildFile; fileRef = BE7E7C5F28ABC88000375E4E /* DiceViewDelegate.swift */; };
		BE7E7C6228ABD6B800375E4E /* ViewCodeProtocol.swift in Sources */ = {isa = PBXBuildFile; fileRef = BE7E7C6128ABD6B800375E4E /* ViewCodeProtocol.swift */; };
		BE9EB9F328BD095C0018642F /* DiceViewModel.swift in Sources */ = {isa = PBXBuildFile; fileRef = BE9EB9F228BD095C0018642F /* DiceViewModel.swift */; };
		BE9EB9F528BD0D870018642F /* Dice.swift in Sources */ = {isa = PBXBuildFile; fileRef = BE9EB9F428BD0D870018642F /* Dice.swift */; };
		BE9EB9F728BD294C0018642F /* DiceViewModelDelegate.swift in Sources */ = {isa = PBXBuildFile; fileRef = BE9EB9F628BD294C0018642F /* DiceViewModelDelegate.swift */; };
/* End PBXBuildFile section */

/* Begin PBXFileReference section */
		BE2B4B28289C594E00C59630 /* AdeusStoryboard.app */ = {isa = PBXFileReference; explicitFileType = wrapper.application; includeInIndex = 0; path = AdeusStoryboard.app; sourceTree = BUILT_PRODUCTS_DIR; };
		BE2B4B2B289C594E00C59630 /* AppDelegate.swift */ = {isa = PBXFileReference; lastKnownFileType = sourcecode.swift; path = AppDelegate.swift; sourceTree = "<group>"; };
		BE2B4B2D289C594E00C59630 /* SceneDelegate.swift */ = {isa = PBXFileReference; lastKnownFileType = sourcecode.swift; path = SceneDelegate.swift; sourceTree = "<group>"; };
		BE2B4B2F289C594E00C59630 /* DiceViewController.swift */ = {isa = PBXFileReference; lastKnownFileType = sourcecode.swift; path = DiceViewController.swift; sourceTree = "<group>"; };
		BE2B4B34289C595100C59630 /* Assets.xcassets */ = {isa = PBXFileReference; lastKnownFileType = folder.assetcatalog; path = Assets.xcassets; sourceTree = "<group>"; };
		BE2B4B37289C595100C59630 /* Base */ = {isa = PBXFileReference; lastKnownFileType = file.storyboard; name = Base; path = Base.lproj/LaunchScreen.storyboard; sourceTree = "<group>"; };
		BE2B4B39289C595100C59630 /* Info.plist */ = {isa = PBXFileReference; lastKnownFileType = text.plist.xml; path = Info.plist; sourceTree = "<group>"; };
		BE5A4D8428A5772700FF9CBA /* UIView+Preview.swift */ = {isa = PBXFileReference; lastKnownFileType = sourcecode.swift; path = "UIView+Preview.swift"; sourceTree = "<group>"; };
		BE5A4D8628A5774000FF9CBA /* UIViewController+Preview.swift */ = {isa = PBXFileReference; lastKnownFileType = sourcecode.swift; path = "UIViewController+Preview.swift"; sourceTree = "<group>"; };
		BE7E7C5D28AACDF200375E4E /* DiceView.swift */ = {isa = PBXFileReference; lastKnownFileType = sourcecode.swift; path = DiceView.swift; sourceTree = "<group>"; };
		BE7E7C5F28ABC88000375E4E /* DiceViewDelegate.swift */ = {isa = PBXFileReference; lastKnownFileType = sourcecode.swift; path = DiceViewDelegate.swift; sourceTree = "<group>"; };
		BE7E7C6128ABD6B800375E4E /* ViewCodeProtocol.swift */ = {isa = PBXFileReference; lastKnownFileType = sourcecode.swift; path = ViewCodeProtocol.swift; sourceTree = "<group>"; };
		BE9EB9F228BD095C0018642F /* DiceViewModel.swift */ = {isa = PBXFileReference; lastKnownFileType = sourcecode.swift; path = DiceViewModel.swift; sourceTree = "<group>"; };
		BE9EB9F428BD0D870018642F /* Dice.swift */ = {isa = PBXFileReference; lastKnownFileType = sourcecode.swift; path = Dice.swift; sourceTree = "<group>"; };
		BE9EB9F628BD294C0018642F /* DiceViewModelDelegate.swift */ = {isa = PBXFileReference; lastKnownFileType = sourcecode.swift; path = DiceViewModelDelegate.swift; sourceTree = "<group>"; };
/* End PBXFileReference section */

/* Begin PBXFrameworksBuildPhase section */
		BE2B4B25289C594E00C59630 /* Frameworks */ = {
			isa = PBXFrameworksBuildPhase;
			buildActionMask = 2147483647;
			files = (
			);
			runOnlyForDeploymentPostprocessing = 0;
		};
/* End PBXFrameworksBuildPhase section */

/* Begin PBXGroup section */
		BE2B4B1F289C594E00C59630 = {
			isa = PBXGroup;
			children = (
				BE2B4B2A289C594E00C59630 /* AdeusStoryboard */,
				BE2B4B29289C594E00C59630 /* Products */,
			);
			sourceTree = "<group>";
		};
		BE2B4B29289C594E00C59630 /* Products */ = {
			isa = PBXGroup;
			children = (
				BE2B4B28289C594E00C59630 /* AdeusStoryboard.app */,
			);
			name = Products;
			sourceTree = "<group>";
		};
		BE2B4B2A289C594E00C59630 /* AdeusStoryboard */ = {
			isa = PBXGroup;
			children = (
				BE7E7C6B28ABE05E00375E4E /* Application */,
				BE9EB9F028BD08D60018642F /* DiceView */,
				BE7E7C6928ABE01500375E4E /* Protocols */,
				BE7E7C6728ABDFEE00375E4E /* Preview Extensions */,
				BE7E7C6328ABDF4800375E4E /* Supporting Files */,
			);
			path = AdeusStoryboard;
			sourceTree = "<group>";
		};
		BE7E7C6328ABDF4800375E4E /* Supporting Files */ = {
			isa = PBXGroup;
			children = (
				BE2B4B34289C595100C59630 /* Assets.xcassets */,
				BE2B4B36289C595100C59630 /* LaunchScreen.storyboard */,
				BE2B4B39289C595100C59630 /* Info.plist */,
			);
			name = "Supporting Files";
			sourceTree = "<group>";
		};
		BE7E7C6728ABDFEE00375E4E /* Preview Extensions */ = {
			isa = PBXGroup;
			children = (
				BE5A4D8428A5772700FF9CBA /* UIView+Preview.swift */,
				BE5A4D8628A5774000FF9CBA /* UIViewController+Preview.swift */,
			);
			path = "Preview Extensions";
			sourceTree = "<group>";
		};
		BE7E7C6928ABE01500375E4E /* Protocols */ = {
			isa = PBXGroup;
			children = (
				BE7E7C6128ABD6B800375E4E /* ViewCodeProtocol.swift */,
			);
			path = Protocols;
			sourceTree = "<group>";
		};
		BE7E7C6B28ABE05E00375E4E /* Application */ = {
			isa = PBXGroup;
			children = (
				BE2B4B2B289C594E00C59630 /* AppDelegate.swift */,
				BE2B4B2D289C594E00C59630 /* SceneDelegate.swift */,
			);
			path = Application;
			sourceTree = "<group>";
		};
		BE9EB9F028BD08D60018642F /* DiceView */ = {
			isa = PBXGroup;
			children = (
				BE9EB9F828BD2B8D0018642F /* Model */,
				BE9EB9F128BD08F70018642F /* View */,
				BE9EB9F928BD2B950018642F /* ViewModel */,
			);
			path = DiceView;
			sourceTree = "<group>";
		};
		BE9EB9F128BD08F70018642F /* View */ = {
			isa = PBXGroup;
			children = (
				BE7E7C5D28AACDF200375E4E /* DiceView.swift */,
				BE2B4B2F289C594E00C59630 /* DiceViewController.swift */,
				BE7E7C5F28ABC88000375E4E /* DiceViewDelegate.swift */,
			);
			path = View;
			sourceTree = "<group>";
		};
		BE9EB9F828BD2B8D0018642F /* Model */ = {
			isa = PBXGroup;
			children = (
				BE9EB9F428BD0D870018642F /* Dice.swift */,
			);
			path = Model;
			sourceTree = "<group>";
		};
		BE9EB9F928BD2B950018642F /* ViewModel */ = {
			isa = PBXGroup;
			children = (
				BE9EB9F228BD095C0018642F /* DiceViewModel.swift */,
				BE9EB9F628BD294C0018642F /* DiceViewModelDelegate.swift */,
			);
			path = ViewModel;
			sourceTree = "<group>";
		};
/* End PBXGroup section */

/* Begin PBXNativeTarget section */
		BE2B4B27289C594E00C59630 /* AdeusStoryboard */ = {
			isa = PBXNativeTarget;
			buildConfigurationList = BE2B4B3C289C595100C59630 /* Build configuration list for PBXNativeTarget "AdeusStoryboard" */;
			buildPhases = (
				BE2B4B24289C594E00C59630 /* Sources */,
				BE2B4B25289C594E00C59630 /* Frameworks */,
				BE2B4B26289C594E00C59630 /* Resources */,
			);
			buildRules = (
			);
			dependencies = (
			);
			name = AdeusStoryboard;
			productName = AdeusStoryboard;
			productReference = BE2B4B28289C594E00C59630 /* AdeusStoryboard.app */;
			productType = "com.apple.product-type.application";
		};
/* End PBXNativeTarget section */

/* Begin PBXProject section */
		BE2B4B20289C594E00C59630 /* Project object */ = {
			isa = PBXProject;
			attributes = {
				BuildIndependentTargetsInParallel = 1;
				LastSwiftUpdateCheck = 1340;
				LastUpgradeCheck = 1340;
				TargetAttributes = {
					BE2B4B27289C594E00C59630 = {
						CreatedOnToolsVersion = 13.4.1;
					};
				};
			};
			buildConfigurationList = BE2B4B23289C594E00C59630 /* Build configuration list for PBXProject "AdeusStoryboard" */;
			compatibilityVersion = "Xcode 13.0";
			developmentRegion = en;
			hasScannedForEncodings = 0;
			knownRegions = (
				en,
				Base,
			);
			mainGroup = BE2B4B1F289C594E00C59630;
			productRefGroup = BE2B4B29289C594E00C59630 /* Products */;
			projectDirPath = "";
			projectRoot = "";
			targets = (
				BE2B4B27289C594E00C59630 /* AdeusStoryboard */,
			);
		};
/* End PBXProject section */

/* Begin PBXResourcesBuildPhase section */
		BE2B4B26289C594E00C59630 /* Resources */ = {
			isa = PBXResourcesBuildPhase;
			buildActionMask = 2147483647;
			files = (
				BE2B4B38289C595100C59630 /* LaunchScreen.storyboard in Resources */,
				BE2B4B35289C595100C59630 /* Assets.xcassets in Resources */,
			);
			runOnlyForDeploymentPostprocessing = 0;
		};
/* End PBXResourcesBuildPhase section */

/* Begin PBXSourcesBuildPhase section */
		BE2B4B24289C594E00C59630 /* Sources */ = {
			isa = PBXSourcesBuildPhase;
			buildActionMask = 2147483647;
			files = (
				BE9EB9F728BD294C0018642F /* DiceViewModelDelegate.swift in Sources */,
				BE9EB9F328BD095C0018642F /* DiceViewModel.swift in Sources */,
				BE5A4D8528A5772700FF9CBA /* UIView+Preview.swift in Sources */,
				BE9EB9F528BD0D870018642F /* Dice.swift in Sources */,
				BE7E7C6228ABD6B800375E4E /* ViewCodeProtocol.swift in Sources */,
				BE2B4B30289C594E00C59630 /* DiceViewController.swift in Sources */,
				BE2B4B2C289C594E00C59630 /* AppDelegate.swift in Sources */,
				BE7E7C6028ABC88000375E4E /* DiceViewDelegate.swift in Sources */,
				BE2B4B2E289C594E00C59630 /* SceneDelegate.swift in Sources */,
				BE7E7C5E28AACDF200375E4E /* DiceView.swift in Sources */,
				BE5A4D8728A5774000FF9CBA /* UIViewController+Preview.swift in Sources */,
			);
			runOnlyForDeploymentPostprocessing = 0;
		};
/* End PBXSourcesBuildPhase section */

/* Begin PBXVariantGroup section */
		BE2B4B36289C595100C59630 /* LaunchScreen.storyboard */ = {
			isa = PBXVariantGroup;
			children = (
				BE2B4B37289C595100C59630 /* Base */,
			);
			name = LaunchScreen.storyboard;
			sourceTree = "<group>";
		};
/* End PBXVariantGroup section */

/* Begin XCBuildConfiguration section */
		BE2B4B3A289C595100C59630 /* Debug */ = {
			isa = XCBuildConfiguration;
			buildSettings = {
				ALWAYS_SEARCH_USER_PATHS = NO;
				CLANG_ANALYZER_NONNULL = YES;
				CLANG_ANALYZER_NUMBER_OBJECT_CONVERSION = YES_AGGRESSIVE;
				CLANG_CXX_LANGUAGE_STANDARD = "gnu++17";
				CLANG_ENABLE_MODULES = YES;
				CLANG_ENABLE_OBJC_ARC = YES;
				CLANG_ENABLE_OBJC_WEAK = YES;
				CLANG_WARN_BLOCK_CAPTURE_AUTORELEASING = YES;
				CLANG_WARN_BOOL_CONVERSION = YES;
				CLANG_WARN_COMMA = YES;
				CLANG_WARN_CONSTANT_CONVERSION = YES;
				CLANG_WARN_DEPRECATED_OBJC_IMPLEMENTATIONS = YES;
				CLANG_WARN_DIRECT_OBJC_ISA_USAGE = YES_ERROR;
				CLANG_WARN_DOCUMENTATION_COMMENTS = YES;
				CLANG_WARN_EMPTY_BODY = YES;
				CLANG_WARN_ENUM_CONVERSION = YES;
				CLANG_WARN_INFINITE_RECURSION = YES;
				CLANG_WARN_INT_CONVERSION = YES;
				CLANG_WARN_NON_LITERAL_NULL_CONVERSION = YES;
				CLANG_WARN_OBJC_IMPLICIT_RETAIN_SELF = YES;
				CLANG_WARN_OBJC_LITERAL_CONVERSION = YES;
				CLANG_WARN_OBJC_ROOT_CLASS = YES_ERROR;
				CLANG_WARN_QUOTED_INCLUDE_IN_FRAMEWORK_HEADER = YES;
				CLANG_WARN_RANGE_LOOP_ANALYSIS = YES;
				CLANG_WARN_STRICT_PROTOTYPES = YES;
				CLANG_WARN_SUSPICIOUS_MOVE = YES;
				CLANG_WARN_UNGUARDED_AVAILABILITY = YES_AGGRESSIVE;
				CLANG_WARN_UNREACHABLE_CODE = YES;
				CLANG_WARN__DUPLICATE_METHOD_MATCH = YES;
				COPY_PHASE_STRIP = NO;
				DEBUG_INFORMATION_FORMAT = dwarf;
				ENABLE_STRICT_OBJC_MSGSEND = YES;
				ENABLE_TESTABILITY = YES;
				GCC_C_LANGUAGE_STANDARD = gnu11;
				GCC_DYNAMIC_NO_PIC = NO;
				GCC_NO_COMMON_BLOCKS = YES;
				GCC_OPTIMIZATION_LEVEL = 0;
				GCC_PREPROCESSOR_DEFINITIONS = (
					"DEBUG=1",
					"$(inherited)",
				);
				GCC_WARN_64_TO_32_BIT_CONVERSION = YES;
				GCC_WARN_ABOUT_RETURN_TYPE = YES_ERROR;
				GCC_WARN_UNDECLARED_SELECTOR = YES;
				GCC_WARN_UNINITIALIZED_AUTOS = YES_AGGRESSIVE;
				GCC_WARN_UNUSED_FUNCTION = YES;
				GCC_WARN_UNUSED_VARIABLE = YES;
				IPHONEOS_DEPLOYMENT_TARGET = 15.5;
				MTL_ENABLE_DEBUG_INFO = INCLUDE_SOURCE;
				MTL_FAST_MATH = YES;
				ONLY_ACTIVE_ARCH = YES;
				SDKROOT = iphoneos;
				SWIFT_ACTIVE_COMPILATION_CONDITIONS = DEBUG;
				SWIFT_OPTIMIZATION_LEVEL = "-Onone";
			};
			name = Debug;
		};
		BE2B4B3B289C595100C59630 /* Release */ = {
			isa = XCBuildConfiguration;
			buildSettings = {
				ALWAYS_SEARCH_USER_PATHS = NO;
				CLANG_ANALYZER_NONNULL = YES;
				CLANG_ANALYZER_NUMBER_OBJECT_CONVERSION = YES_AGGRESSIVE;
				CLANG_CXX_LANGUAGE_STANDARD = "gnu++17";
				CLANG_ENABLE_MODULES = YES;
				CLANG_ENABLE_OBJC_ARC = YES;
				CLANG_ENABLE_OBJC_WEAK = YES;
				CLANG_WARN_BLOCK_CAPTURE_AUTORELEASING = YES;
				CLANG_WARN_BOOL_CONVERSION = YES;
				CLANG_WARN_COMMA = YES;
				CLANG_WARN_CONSTANT_CONVERSION = YES;
				CLANG_WARN_DEPRECATED_OBJC_IMPLEMENTATIONS = YES;
				CLANG_WARN_DIRECT_OBJC_ISA_USAGE = YES_ERROR;
				CLANG_WARN_DOCUMENTATION_COMMENTS = YES;
				CLANG_WARN_EMPTY_BODY = YES;
				CLANG_WARN_ENUM_CONVERSION = YES;
				CLANG_WARN_INFINITE_RECURSION = YES;
				CLANG_WARN_INT_CONVERSION = YES;
				CLANG_WARN_NON_LITERAL_NULL_CONVERSION = YES;
				CLANG_WARN_OBJC_IMPLICIT_RETAIN_SELF = YES;
				CLANG_WARN_OBJC_LITERAL_CONVERSION = YES;
				CLANG_WARN_OBJC_ROOT_CLASS = YES_ERROR;
				CLANG_WARN_QUOTED_INCLUDE_IN_FRAMEWORK_HEADER = YES;
				CLANG_WARN_RANGE_LOOP_ANALYSIS = YES;
				CLANG_WARN_STRICT_PROTOTYPES = YES;
				CLANG_WARN_SUSPICIOUS_MOVE = YES;
				CLANG_WARN_UNGUARDED_AVAILABILITY = YES_AGGRESSIVE;
				CLANG_WARN_UNREACHABLE_CODE = YES;
				CLANG_WARN__DUPLICATE_METHOD_MATCH = YES;
				COPY_PHASE_STRIP = NO;
				DEBUG_INFORMATION_FORMAT = "dwarf-with-dsym";
				ENABLE_NS_ASSERTIONS = NO;
				ENABLE_STRICT_OBJC_MSGSEND = YES;
				GCC_C_LANGUAGE_STANDARD = gnu11;
				GCC_NO_COMMON_BLOCKS = YES;
				GCC_WARN_64_TO_32_BIT_CONVERSION = YES;
				GCC_WARN_ABOUT_RETURN_TYPE = YES_ERROR;
				GCC_WARN_UNDECLARED_SELECTOR = YES;
				GCC_WARN_UNINITIALIZED_AUTOS = YES_AGGRESSIVE;
				GCC_WARN_UNUSED_FUNCTION = YES;
				GCC_WARN_UNUSED_VARIABLE = YES;
				IPHONEOS_DEPLOYMENT_TARGET = 15.5;
				MTL_ENABLE_DEBUG_INFO = NO;
				MTL_FAST_MATH = YES;
				SDKROOT = iphoneos;
				SWIFT_COMPILATION_MODE = wholemodule;
				SWIFT_OPTIMIZATION_LEVEL = "-O";
				VALIDATE_PRODUCT = YES;
			};
			name = Release;
		};
		BE2B4B3D289C595100C59630 /* Debug */ = {
			isa = XCBuildConfiguration;
			buildSettings = {
				ASSETCATALOG_COMPILER_APPICON_NAME = AppIcon;
				ASSETCATALOG_COMPILER_GLOBAL_ACCENT_COLOR_NAME = AccentColor;
				CODE_SIGN_STYLE = Automatic;
				CURRENT_PROJECT_VERSION = 1;
				DEVELOPMENT_TEAM = 9S8UE9T8R2;
				GENERATE_INFOPLIST_FILE = YES;
				INFOPLIST_FILE = AdeusStoryboard/Info.plist;
				INFOPLIST_KEY_CFBundleDisplayName = JogADA;
				INFOPLIST_KEY_UIApplicationSupportsIndirectInputEvents = YES;
				INFOPLIST_KEY_UILaunchStoryboardName = LaunchScreen;
				INFOPLIST_KEY_UISupportedInterfaceOrientations_iPad = "UIInterfaceOrientationPortrait UIInterfaceOrientationPortraitUpsideDown UIInterfaceOrientationLandscapeLeft UIInterfaceOrientationLandscapeRight";
				INFOPLIST_KEY_UISupportedInterfaceOrientations_iPhone = "UIInterfaceOrientationPortrait UIInterfaceOrientationLandscapeLeft UIInterfaceOrientationLandscapeRight";
				LD_RUNPATH_SEARCH_PATHS = (
					"$(inherited)",
					"@executable_path/Frameworks",
				);
				MARKETING_VERSION = 1.0;
				PRODUCT_BUNDLE_IDENTIFIER = br.cin.ufpe.academy.AdeusStoryboard;
				PRODUCT_NAME = "$(TARGET_NAME)";
				SWIFT_EMIT_LOC_STRINGS = YES;
				SWIFT_VERSION = 5.0;
				TARGETED_DEVICE_FAMILY = "1,2";
			};
			name = Debug;
		};
		BE2B4B3E289C595100C59630 /* Release */ = {
			isa = XCBuildConfiguration;
			buildSettings = {
				ASSETCATALOG_COMPILER_APPICON_NAME = AppIcon;
				ASSETCATALOG_COMPILER_GLOBAL_ACCENT_COLOR_NAME = AccentColor;
				CODE_SIGN_STYLE = Automatic;
				CURRENT_PROJECT_VERSION = 1;
				DEVELOPMENT_TEAM = 9S8UE9T8R2;
				GENERATE_INFOPLIST_FILE = YES;
				INFOPLIST_FILE = AdeusStoryboard/Info.plist;
				INFOPLIST_KEY_CFBundleDisplayName = JogADA;
				INFOPLIST_KEY_UIApplicationSupportsIndirectInputEvents = YES;
				INFOPLIST_KEY_UILaunchStoryboardName = LaunchScreen;
				INFOPLIST_KEY_UISupportedInterfaceOrientations_iPad = "UIInterfaceOrientationPortrait UIInterfaceOrientationPortraitUpsideDown UIInterfaceOrientationLandscapeLeft UIInterfaceOrientationLandscapeRight";
				INFOPLIST_KEY_UISupportedInterfaceOrientations_iPhone = "UIInterfaceOrientationPortrait UIInterfaceOrientationLandscapeLeft UIInterfaceOrientationLandscapeRight";
				LD_RUNPATH_SEARCH_PATHS = (
					"$(inherited)",
					"@executable_path/Frameworks",
				);
				MARKETING_VERSION = 1.0;
				PRODUCT_BUNDLE_IDENTIFIER = br.cin.ufpe.academy.AdeusStoryboard;
				PRODUCT_NAME = "$(TARGET_NAME)";
				SWIFT_EMIT_LOC_STRINGS = YES;
				SWIFT_VERSION = 5.0;
				TARGETED_DEVICE_FAMILY = "1,2";
			};
			name = Release;
		};
/* End XCBuildConfiguration section */

/* Begin XCConfigurationList section */
		BE2B4B23289C594E00C59630 /* Build configuration list for PBXProject "AdeusStoryboard" */ = {
			isa = XCConfigurationList;
			buildConfigurations = (
				BE2B4B3A289C595100C59630 /* Debug */,
				BE2B4B3B289C595100C59630 /* Release */,
			);
			defaultConfigurationIsVisible = 0;
			defaultConfigurationName = Release;
		};
		BE2B4B3C289C595100C59630 /* Build configuration list for PBXNativeTarget "AdeusStoryboard" */ = {
			isa = XCConfigurationList;
			buildConfigurations = (
				BE2B4B3D289C595100C59630 /* Debug */,
				BE2B4B3E289C595100C59630 /* Release */,
			);
			defaultConfigurationIsVisible = 0;
			defaultConfigurationName = Release;
		};
/* End XCConfigurationList section */
	};
	rootObject = BE2B4B20289C594E00C59630 /* Project object */;
}
